{
  "name": "@mamdouh-aboammar/agent-kernel",
  "version": "1.9.0",
  "lockfileVersion": 3,
  "requires": true,
  "packages": {
    "": {
      "name": "@mamdouh-aboammar/agent-kernel",
      "version": "1.9.0",
      "license": "MIT",
      "bin": {
        "agent-kernel": "bin/agent-kernel-router.mjs",
        "agent-kernel-agent-propose": "bin/agent-kernel-agent-propose.mjs",
        "agent-kernel-agent-write": "bin/agent-kernel-agent-write.mjs",
        "agent-kernel-architecture": "bin/agent-kernel-architecture.mjs",
        "agent-kernel-architecture-hook": "bin/agent-kernel-architecture-hook.mjs",
        "agent-kernel-claude-context-hook": "bin/agent-kernel-claude-context-hook.mjs",
        "agent-kernel-context": "bin/agent-kernel-context.mjs",
        "agent-kernel-daemon": "bin/agent-kernel-daemon.mjs",
        "agent-kernel-failure": "bin/agent-kernel-failure.mjs",
        "agent-kernel-failure-hook": "bin/agent-kernel-failure-hook.mjs",
        "agent-kernel-mode": "bin/agent-kernel-mode.mjs",
        "agent-kernel-runtime-doctor": "bin/agent-kernel-runtime-doctor.mjs",
        "agent-kernel-safe-git-hook": "bin/agent-kernel-safe-git-hook.mjs",
        "agent-kernel-safe-link": "bin/agent-kernel-safe-link.mjs",
        "agent-kernel-search": "bin/agent-kernel-search.mjs",
        "agent-kernel-session": "bin/agent-kernel-session.mjs",
        "ak": "bin/agent-kernel-router.mjs"
      },
      "devDependencies": {
        "typescript": "^5.9.0"
      },
      "engines": {
        "node": ">=18.18.0"
      },
      "funding": {
        "type": "github",
        "url": "https://github.com/sponsors/imMamdouhaboammar"
      }
    },
    "node_modules/typescript": {
      "version": "5.9.3",
      "resolved": "https://registry.npmjs.org/typescript/-/typescript-5.9.3.tgz",
      "integrity": "sha512-jl1vZzPDinLr9eUt3J/t7V6FgNEw9QjvBPdysz9KfQDD41fQrC2Y4vKQdiaUpFT4bXlb1RHhLpp8wtm6M5TgSw==",
      "dev": true,
      "license": "Apache-2.0",
      "bin": {
        "tsc": "bin/tsc",
        "tsserver": "bin/tsserver"
      },
      "engines": {
        "node": ">=14.17"
      }
    }
  }
}
